
Microsoft Visual Studio Solution File, Format Version 12.00
# Visual Studio Version 16
VisualStudioVersion = 16.0.29613.14
MinimumVisualStudioVersion = 10.0.40219.1
Project("{9A19103F-16F7-4668-BE54-9A1E7A4F7556}") = "ExpensesAPI", "ExpensesAPI\ExpensesAPI.csproj", "{85BA5372-7DD2-483D-A34C-94D4A3B003B3}"
EndProject
Project("{9A19103F-16F7-4668-BE54-9A1E7A4F7556}") = "ExpensesAPITests", "ExpensesAPITests\ExpensesAPITests.csproj", "{C7CC8D4D-84AF-4AAF-9552-BD71F80027BD}"
EndProject
Project("{9A19103F-16F7-4668-BE54-9A1E7A4F7556}") = "ExpensesAPI.SimpleJWTAuth", "ExpensesAPI.SimpleJWTAuth\ExpensesAPI.SimpleJWTAuth.csproj", "{55CA89A1-16FC-4AB3-953E-45E9570DC3A1}"
EndProject
Project("{9A19103F-16F7-4668-BE54-9A1E7A4F7556}") = "ExpensesAPI.Domain", "ExpensesAPI.Persistence\ExpensesAPI.Domain.csproj", "{E729971A-57EC-4675-B881-6E9FD1F85210}"
EndProject
Global
	GlobalSection(SolutionConfigurationPlatforms) = preSolution
		Debug|Any CPU = Debug|Any CPU
		Release|Any CPU = Release|Any CPU
	EndGlobalSection
	GlobalSection(ProjectConfigurationPlatforms) = postSolution
		{85BA5372-7DD2-483D-A34C-94D4A3B003B3}.Debug|Any CPU.ActiveCfg = Debug|Any CPU
		{85BA5372-7DD2-483D-A34C-94D4A3B003B3}.Debug|Any CPU.Build.0 = Debug|Any CPU
		{85BA5372-7DD2-483D-A34C-94D4A3B003B3}.Release|Any CPU.ActiveCfg = Release|Any CPU
		{85BA5372-7DD2-483D-A34C-94D4A3B003B3}.Release|Any CPU.Build.0 = Release|Any CPU
		{C7CC8D4D-84AF-4AAF-9552-BD71F80027BD}.Debug|Any CPU.ActiveCfg = Debug|Any CPU
		{C7CC8D4D-84AF-4AAF-9552-BD71F80027BD}.Debug|Any CPU.Build.0 = Debug|Any CPU
		{C7CC8D4D-84AF-4AAF-9552-BD71F80027BD}.Release|Any CPU.ActiveCfg = Release|Any CPU
		{C7CC8D4D-84AF-4AAF-9552-BD71F80027BD}.Release|Any CPU.Build.0 = Release|Any CPU
		{55CA89A1-16FC-4AB3-953E-45E9570DC3A1}.Debug|Any CPU.ActiveCfg = Debug|Any CPU
		{55CA89A1-16FC-4AB3-953E-45E9570DC3A1}.Debug|Any CPU.Build.0 = Debug|Any CPU
		{55CA89A1-16FC-4AB3-953E-45E9570DC3A1}.Release|Any CPU.ActiveCfg = Release|Any CPU
		{55CA89A1-16FC-4AB3-953E-45E9570DC3A1}.Release|Any CPU.Build.0 = Release|Any CPU
		{E729971A-57EC-4675-B881-6E9FD1F85210}.Debug|Any CPU.ActiveCfg = Debug|Any CPU
		{E729971A-57EC-4675-B881-6E9FD1F85210}.Debug|Any CPU.Build.0 = Debug|Any CPU
		{E729971A-57EC-4675-B881-6E9FD1F85210}.Release|Any CPU.ActiveCfg = Release|Any CPU
		{E729971A-57EC-4675-B881-6E9FD1F85210}.Release|Any CPU.Build.0 = Release|Any CPU
	EndGlobalSection
	GlobalSection(SolutionProperties) = preSolution
		HideSolutionNode = FALSE
	EndGlobalSection
	GlobalSection(ExtensibilityGlobals) = postSolution
		SolutionGuid = {BF0CE763-733E-4813-A25F-0F0091335406}
	EndGlobalSection
EndGlobal
